
Microsoft Visual Studio Solution File, Format Version 12.00
# Visual Studio 15
VisualStudioVersion = 15.0.26730.12
MinimumVisualStudioVersion = 10.0.40219.1
Project("{FAE04EC0-301F-11D3-BF4B-00C04F79EFBC}") = "KIS.AI.Hackathon.Template", "KIS.AI.Hackathon.Template\KIS.AI.Hackathon.Template.csproj", "{7AC7A211-7C68-4800-B7E4-F969FCE904E7}"
EndProject
Global
	GlobalSection(SolutionConfigurationPlatforms) = preSolution
		Debug|Any CPU = Debug|Any CPU
		Release|Any CPU = Release|Any CPU
	EndGlobalSection
	GlobalSection(ProjectConfigurationPlatforms) = postSolution
		{7AC7A211-7C68-4800-B7E4-F969FCE904E7}.Debug|Any CPU.ActiveCfg = Debug|Any CPU
		{7AC7A211-7C68-4800-B7E4-F969FCE904E7}.Debug|Any CPU.Build.0 = Debug|Any CPU
		{7AC7A211-7C68-4800-B7E4-F969FCE904E7}.Release|Any CPU.ActiveCfg = Release|Any CPU
		{7AC7A211-7C68-4800-B7E4-F969FCE904E7}.Release|Any CPU.Build.0 = Release|Any CPU
	EndGlobalSection
	GlobalSection(SolutionProperties) = preSolution
		HideSolutionNode = FALSE
	EndGlobalSection
	GlobalSection(ExtensibilityGlobals) = postSolution
		SolutionGuid = {4752BD68-3E69-4A84-85A8-29B5294DAE8B}
	EndGlobalSection
EndGlobal
